# This file is automatically @generated by Cargo.
# It is not intended for manual editing.
version = 3

[[package]]
name = "lattice-akita"
version = "0.2.0"
dependencies = [
 "lattice-commitment",
 "lattice-core",
 "lattice-embeddings",
 "lattice-ring",
 "lattice-salsa",
 "lattice-sumcheck",
]

[[package]]
name = "lattice-bench"
version = "0.2.0"
dependencies = [
 "lattice-akita",
 "lattice-commitment",
 "lattice-core",
 "lattice-folding",
 "lattice-guest",
 "lattice-lookup",
 "lattice-memory",
 "lattice-qrom",
 "lattice-relations",
 "lattice-ring",
 "lattice-salsa",
 "lattice-sis-estimator",
 "lattice-sumcheck",
 "lattice-vm",
 "lattice-zk",
 "lattice-zkvm",
]

[[package]]
name = "lattice-commitment"
version = "0.2.0"
dependencies = [
 "lattice-core",
 "lattice-ring",
]

[[package]]
name = "lattice-core"
version = "0.2.0"

[[package]]
name = "lattice-embeddings"
version = "0.2.0"
dependencies = [
 "lattice-core",
 "lattice-ring",
 "lattice-salsa",
]

[[package]]
name = "lattice-folding"
version = "0.2.0"
dependencies = [
 "lattice-commitment",
 "lattice-core",
 "lattice-relations",
 "lattice-ring",
 "lattice-sumcheck",
]

[[package]]
name = "lattice-guest"
version = "0.2.0"
dependencies = [
 "lattice-vm",
]

[[package]]
name = "lattice-labinius"
version = "0.1.0"
dependencies = [
 "lattice-core",
 "lattice-labrador",
]

[[package]]
name = "lattice-labrador"
version = "0.1.0"
dependencies = [
 "lattice-core",
]

[[package]]
name = "lattice-lookup"
version = "0.2.0"
dependencies = [
 "lattice-commitment",
 "lattice-core",
 "lattice-folding",
 "lattice-relations",
 "lattice-ring",
 "lattice-sumcheck",
]

[[package]]
name = "lattice-memory"
version = "0.2.0"
dependencies = [
 "lattice-core",
 "lattice-sumcheck",
]

[[package]]
name = "lattice-pcs"
version = "0.2.0"
dependencies = [
 "lattice-commitment",
 "lattice-core",
 "lattice-embeddings",
 "lattice-relations",
 "lattice-ring",
 "lattice-sumcheck",
]

[[package]]
name = "lattice-qrom"
version = "0.2.0"
dependencies = [
 "lattice-core",
 "lattice-zk",
]

[[package]]
name = "lattice-relations"
version = "0.2.0"
dependencies = [
 "lattice-core",
 "lattice-sumcheck",
]

[[package]]
name = "lattice-ring"
version = "0.2.0"
dependencies = [
 "lattice-core",
]

[[package]]
name = "lattice-rokoko"
version = "0.2.0"
dependencies = [
 "lattice-commitment",
 "lattice-core",
 "lattice-ring",
 "lattice-salsa",
 "lattice-sumcheck",
]

[[package]]
name = "lattice-salsa"
version = "0.2.0"
dependencies = [
 "lattice-commitment",
 "lattice-core",
 "lattice-ring",
 "lattice-sumcheck",
]

[[package]]
name = "lattice-sis-estimator"
version = "0.2.0"

[[package]]
name = "lattice-sumcheck"
version = "0.2.0"
dependencies = [
 "lattice-core",
]

[[package]]
name = "lattice-vm"
version = "0.2.0"
dependencies = [
 "lattice-core",
]

[[package]]
name = "lattice-zk"
version = "0.2.0"
dependencies = [
 "lattice-commitment",
 "lattice-core",
 "lattice-ring",
 "lattice-sumcheck",
]

[[package]]
name = "lattice-zkvm"
version = "0.2.0"
dependencies = [
 "lattice-akita",
 "lattice-commitment",
 "lattice-core",
 "lattice-guest",
 "lattice-labinius",
 "lattice-memory",
 "lattice-ring",
 "lattice-sumcheck",
 "lattice-vm",
]
